// !$*UTF8*$!
{
	archiveVersion = 1;
	classes = {
	};
	objectVersion = 46;
	objects = {

/* Begin PBXBuildFile section */
		00A59C6719B8D56000106C08 /* star_gold.png in Resources */ = {isa = PBXBuildFile; fileRef = 00A59C6519B8D56000106C08 /* star_gold.png */; };
		00A59C6819B8D56000106C08 /* star_small.png in Resources */ = {isa = PBXBuildFile; fileRef = 00A59C6619B8D56000106C08 /* star_small.png */; };
		20269FE819B6DA6C0026FF80 /* Foundation.framework in Frameworks */ = {isa = PBXBuildFile; fileRef = 20269FE719B6DA6C0026FF80 /* Foundation.framework */; };
		20269FEA19B6DA6C0026FF80 /* CoreGraphics.framework in Frameworks */ = {isa = PBXBuildFile; fileRef = 20269FE919B6DA6C0026FF80 /* CoreGraphics.framework */; };
		20269FEC19B6DA6C0026FF80 /* UIKit.framework in Frameworks */ = {isa = PBXBuildFile; fileRef = 20269FEB19B6DA6C0026FF80 /* UIKit.framework */; };
		20269FF219B6DA6C0026FF80 /* InfoPlist.strings in Resources */ = {isa = PBXBuildFile; fileRef = 20269FF019B6DA6C0026FF80 /* InfoPlist.strings */; };
		20269FF419B6DA6C0026FF80 /* main.m in Sources */ = {isa = PBXBuildFile; fileRef = 20269FF319B6DA6C0026FF80 /* main.m */; };
		20269FF819B6DA6C0026FF80 /* MovieDemoAppDelegate.m in Sources */ = {isa = PBXBuildFile; fileRef = 20269FF719B6DA6C0026FF80 /* MovieDemoAppDelegate.m */; };
		20269FFE19B6DA6C0026FF80 /* MovieDemoViewController.m in Sources */ = {isa = PBXBuildFile; fileRef = 20269FFD19B6DA6C0026FF80 /* MovieDemoViewController.m */; };
		2026A00019B6DA6C0026FF80 /* Images.xcassets in Resources */ = {isa = PBXBuildFile; fileRef = 20269FFF19B6DA6C0026FF80 /* Images.xcassets */; };
		2026A00719B6DA6C0026FF80 /* XCTest.framework in Frameworks */ = {isa = PBXBuildFile; fileRef = 2026A00619B6DA6C0026FF80 /* XCTest.framework */; };
		2026A00819B6DA6C0026FF80 /* Foundation.framework in Frameworks */ = {isa = PBXBuildFile; fileRef = 20269FE719B6DA6C0026FF80 /* Foundation.framework */; };
		2026A00919B6DA6C0026FF80 /* UIKit.framework in Frameworks */ = {isa = PBXBuildFile; fileRef = 20269FEB19B6DA6C0026FF80 /* UIKit.framework */; };
		2026A01119B6DA6C0026FF80 /* InfoPlist.strings in Resources */ = {isa = PBXBuildFile; fileRef = 2026A00F19B6DA6C0026FF80 /* InfoPlist.strings */; };
		2026A01319B6DA6C0026FF80 /* MovieDemoTests.m in Sources */ = {isa = PBXBuildFile; fileRef = 2026A01219B6DA6C0026FF80 /* MovieDemoTests.m */; };
		2026A01D19B6DAA30026FF80 /* MovieDemoViewController.xib in Resources */ = {isa = PBXBuildFile; fileRef = 2026A01C19B6DAA30026FF80 /* MovieDemoViewController.xib */; };
		2026A02119B702740026FF80 /* MovieEvent.m in Sources */ = {isa = PBXBuildFile; fileRef = 2026A02019B702740026FF80 /* MovieEvent.m */; };
		2026A02519B71A630026FF80 /* MovieDetailsViewController.m in Sources */ = {isa = PBXBuildFile; fileRef = 2026A02319B71A630026FF80 /* MovieDetailsViewController.m */; };
		2026A02619B71A630026FF80 /* MovieDetailsViewController.xib in Resources */ = {isa = PBXBuildFile; fileRef = 2026A02419B71A630026FF80 /* MovieDetailsViewController.xib */; };
		2026A02919B73EBD0026FF80 /* EventDate.m in Sources */ = {isa = PBXBuildFile; fileRef = 2026A02819B73EBD0026FF80 /* EventDate.m */; };
		2026A02C19B73EDE0026FF80 /* EventVenue.m in Sources */ = {isa = PBXBuildFile; fileRef = 2026A02B19B73EDE0026FF80 /* EventVenue.m */; };
		2026A03219B74AEA0026FF80 /* MovieEvent+Parse.m in Sources */ = {isa = PBXBuildFile; fileRef = 2026A03119B74AEA0026FF80 /* MovieEvent+Parse.m */; };
		2028CF0119B9806C00B87A21 /* ImageCache.m in Sources */ = {isa = PBXBuildFile; fileRef = 2028CF0019B9806C00B87A21 /* ImageCache.m */; };
		204B95A119B838B200EF726D /* EventDate+Parse.m in Sources */ = {isa = PBXBuildFile; fileRef = 204B95A019B838B200EF726D /* EventDate+Parse.m */; };
		204B95A419B838CA00EF726D /* EventVenue+Parse.m in Sources */ = {isa = PBXBuildFile; fileRef = 204B95A319B838CA00EF726D /* EventVenue+Parse.m */; };
/* End PBXBuildFile section */

/* Begin PBXContainerItemProxy section */
		2026A00A19B6DA6C0026FF80 /* PBXContainerItemProxy */ = {
			isa = PBXContainerItemProxy;
			containerPortal = 20269FDC19B6DA6C0026FF80 /* Project object */;
			proxyType = 1;
			remoteGlobalIDString = 20269FE319B6DA6C0026FF80;
			remoteInfo = MovieDemo;
		};
/* End PBXContainerItemProxy section */

/* Begin PBXFileReference section */
		00A59C6519B8D56000106C08 /* star_gold.png */ = {isa = PBXFileReference; lastKnownFileType = image.png; path = star_gold.png; sourceTree = "<group>"; };
		00A59C6619B8D56000106C08 /* star_small.png */ = {isa = PBXFileReference; lastKnownFileType = image.png; path = star_small.png; sourceTree = "<group>"; };
		20269FE419B6DA6C0026FF80 /* MovieDemo.app */ = {isa = PBXFileReference; explicitFileType = wrapper.application; includeInIndex = 0; path = MovieDemo.app; sourceTree = BUILT_PRODUCTS_DIR; };
		20269FE719B6DA6C0026FF80 /* Foundation.framework */ = {isa = PBXFileReference; lastKnownFileType = wrapper.framework; name = Foundation.framework; path = System/Library/Frameworks/Foundation.framework; sourceTree = SDKROOT; };
		20269FE919B6DA6C0026FF80 /* CoreGraphics.framework */ = {isa = PBXFileReference; lastKnownFileType = wrapper.framework; name = CoreGraphics.framework; path = System/Library/Frameworks/CoreGraphics.framework; sourceTree = SDKROOT; };
		20269FEB19B6DA6C0026FF80 /* UIKit.framework */ = {isa = PBXFileReference; lastKnownFileType = wrapper.framework; name = UIKit.framework; path = System/Library/Frameworks/UIKit.framework; sourceTree = SDKROOT; };
		20269FEF19B6DA6C0026FF80 /* MovieDemo-Info.plist */ = {isa = PBXFileReference; lastKnownFileType = text.plist.xml; path = "MovieDemo-Info.plist"; sourceTree = "<group>"; };
		20269FF119B6DA6C0026FF80 /* en */ = {isa = PBXFileReference; lastKnownFileType = text.plist.strings; name = en; path = en.lproj/InfoPlist.strings; sourceTree = "<group>"; };
		20269FF319B6DA6C0026FF80 /* main.m */ = {isa = PBXFileReference; lastKnownFileType = sourcecode.c.objc; path = main.m; sourceTree = "<group>"; };
		20269FF519B6DA6C0026FF80 /* MovieDemo-Prefix.pch */ = {isa = PBXFileReference; lastKnownFileType = sourcecode.c.h; path = "MovieDemo-Prefix.pch"; sourceTree = "<group>"; };
		20269FF619B6DA6C0026FF80 /* MovieDemoAppDelegate.h */ = {isa = PBXFileReference; lastKnownFileType = sourcecode.c.h; path = MovieDemoAppDelegate.h; sourceTree = "<group>"; };
		20269FF719B6DA6C0026FF80 /* MovieDemoAppDelegate.m */ = {isa = PBXFileReference; lastKnownFileType = sourcecode.c.objc; path = MovieDemoAppDelegate.m; sourceTree = "<group>"; };
		20269FFC19B6DA6C0026FF80 /* MovieDemoViewController.h */ = {isa = PBXFileReference; lastKnownFileType = sourcecode.c.h; path = MovieDemoViewController.h; sourceTree = "<group>"; };
		20269FFD19B6DA6C0026FF80 /* MovieDemoViewController.m */ = {isa = PBXFileReference; lastKnownFileType = sourcecode.c.objc; path = MovieDemoViewController.m; sourceTree = "<group>"; };
		20269FFF19B6DA6C0026FF80 /* Images.xcassets */ = {isa = PBXFileReference; lastKnownFileType = folder.assetcatalog; path = Images.xcassets; sourceTree = "<group>"; };
		2026A00519B6DA6C0026FF80 /* MovieDemoTests.xctest */ = {isa = PBXFileReference; explicitFileType = wrapper.cfbundle; includeInIndex = 0; path = MovieDemoTests.xctest; sourceTree = BUILT_PRODUCTS_DIR; };
		2026A00619B6DA6C0026FF80 /* XCTest.framework */ = {isa = PBXFileReference; lastKnownFileType = wrapper.framework; name = XCTest.framework; path = Library/Frameworks/XCTest.framework; sourceTree = DEVELOPER_DIR; };
		2026A00E19B6DA6C0026FF80 /* MovieDemoTests-Info.plist */ = {isa = PBXFileReference; lastKnownFileType = text.plist.xml; path = "MovieDemoTests-Info.plist"; sourceTree = "<group>"; };
		2026A01019B6DA6C0026FF80 /* en */ = {isa = PBXFileReference; lastKnownFileType = text.plist.strings; name = en; path = en.lproj/InfoPlist.strings; sourceTree = "<group>"; };
		2026A01219B6DA6C0026FF80 /* MovieDemoTests.m */ = {isa = PBXFileReference; lastKnownFileType = sourcecode.c.objc; path = MovieDemoTests.m; sourceTree = "<group>"; };
		2026A01C19B6DAA30026FF80 /* MovieDemoViewController.xib */ = {isa = PBXFileReference; fileEncoding = 4; lastKnownFileType = file.xib; path = MovieDemoViewController.xib; sourceTree = "<group>"; };
		2026A01F19B702740026FF80 /* MovieEvent.h */ = {isa = PBXFileReference; fileEncoding = 4; lastKnownFileType = sourcecode.c.h; path = MovieEvent.h; sourceTree = "<group>"; };
		2026A02019B702740026FF80 /* MovieEvent.m */ = {isa = PBXFileReference; fileEncoding = 4; lastKnownFileType = sourcecode.c.objc; path = MovieEvent.m; sourceTree = "<group>"; };
		2026A02219B71A630026FF80 /* MovieDetailsViewController.h */ = {isa = PBXFileReference; fileEncoding = 4; lastKnownFileType = sourcecode.c.h; path = MovieDetailsViewController.h; sourceTree = "<group>"; };
		2026A02319B71A630026FF80 /* MovieDetailsViewController.m */ = {isa = PBXFileReference; fileEncoding = 4; lastKnownFileType = sourcecode.c.objc; path = MovieDetailsViewController.m; sourceTree = "<group>"; };
		2026A02419B71A630026FF80 /* MovieDetailsViewController.xib */ = {isa = PBXFileReference; fileEncoding = 4; lastKnownFileType = file.xib; path = MovieDetailsViewController.xib; sourceTree = "<group>"; };
		2026A02719B73EBD0026FF80 /* EventDate.h */ = {isa = PBXFileReference; fileEncoding = 4; lastKnownFileType = sourcecode.c.h; path = EventDate.h; sourceTree = "<group>"; };
		2026A02819B73EBD0026FF80 /* EventDate.m */ = {isa = PBXFileReference; fileEncoding = 4; lastKnownFileType = sourcecode.c.objc; path = EventDate.m; sourceTree = "<group>"; };
		2026A02A19B73EDE0026FF80 /* EventVenue.h */ = {isa = PBXFileReference; fileEncoding = 4; lastKnownFileType = sourcecode.c.h; path = EventVenue.h; sourceTree = "<group>"; };
		2026A02B19B73EDE0026FF80 /* EventVenue.m */ = {isa = PBXFileReference; fileEncoding = 4; lastKnownFileType = sourcecode.c.objc; path = EventVenue.m; sourceTree = "<group>"; };
		2026A03019B74AEA0026FF80 /* MovieEvent+Parse.h */ = {isa = PBXFileReference; fileEncoding = 4; lastKnownFileType = sourcecode.c.h; path = "MovieEvent+Parse.h"; sourceTree = "<group>"; };
		2026A03119B74AEA0026FF80 /* MovieEvent+Parse.m */ = {isa = PBXFileReference; fileEncoding = 4; lastKnownFileType = sourcecode.c.objc; path = "MovieEvent+Parse.m"; sourceTree = "<group>"; };
		2028CEFF19B9806C00B87A21 /* ImageCache.h */ = {isa = PBXFileReference; fileEncoding = 4; lastKnownFileType = sourcecode.c.h; path = ImageCache.h; sourceTree = "<group>"; };
		2028CF0019B9806C00B87A21 /* ImageCache.m */ = {isa = PBXFileReference; fileEncoding = 4; lastKnownFileType = sourcecode.c.objc; path = ImageCache.m; sourceTree = "<group>"; };
		204B959F19B838B200EF726D /* EventDate+Parse.h */ = {isa = PBXFileReference; fileEncoding = 4; lastKnownFileType = sourcecode.c.h; path = "EventDate+Parse.h"; sourceTree = "<group>"; };
		204B95A019B838B200EF726D /* EventDate+Parse.m */ = {isa = PBXFileReference; fileEncoding = 4; lastKnownFileType = sourcecode.c.objc; path = "EventDate+Parse.m"; sourceTree = "<group>"; };
		204B95A219B838CA00EF726D /* EventVenue+Parse.h */ = {isa = PBXFileReference; fileEncoding = 4; lastKnownFileType = sourcecode.c.h; path = "EventVenue+Parse.h"; sourceTree = "<group>"; };
		204B95A319B838CA00EF726D /* EventVenue+Parse.m */ = {isa = PBXFileReference; fileEncoding = 4; lastKnownFileType = sourcecode.c.objc; path = "EventVenue+Parse.m"; sourceTree = "<group>"; };
/* End PBXFileReference section */

/* Begin PBXFrameworksBuildPhase section */
		20269FE119B6DA6C0026FF80 /* Frameworks */ = {
			isa = PBXFrameworksBuildPhase;
			buildActionMask = 2147483647;
			files = (
				20269FEA19B6DA6C0026FF80 /* CoreGraphics.framework in Frameworks */,
				20269FEC19B6DA6C0026FF80 /* UIKit.framework in Frameworks */,
				20269FE819B6DA6C0026FF80 /* Foundation.framework in Frameworks */,
			);
			runOnlyForDeploymentPostprocessing = 0;
		};
		2026A00219B6DA6C0026FF80 /* Frameworks */ = {
			isa = PBXFrameworksBuildPhase;
			buildActionMask = 2147483647;
			files = (
				2026A00719B6DA6C0026FF80 /* XCTest.framework in Frameworks */,
				2026A00919B6DA6C0026FF80 /* UIKit.framework in Frameworks */,
				2026A00819B6DA6C0026FF80 /* Foundation.framework in Frameworks */,
			);
			runOnlyForDeploymentPostprocessing = 0;
		};
/* End PBXFrameworksBuildPhase section */

/* Begin PBXGroup section */
		00A59C4819B8C1AF00106C08 /* Model */ = {
			isa = PBXGroup;
			children = (
				2026A01F19B702740026FF80 /* MovieEvent.h */,
				2026A02019B702740026FF80 /* MovieEvent.m */,
				2026A02719B73EBD0026FF80 /* EventDate.h */,
				2026A02819B73EBD0026FF80 /* EventDate.m */,
				2026A02A19B73EDE0026FF80 /* EventVenue.h */,
				2026A02B19B73EDE0026FF80 /* EventVenue.m */,
				2028CEFF19B9806C00B87A21 /* ImageCache.h */,
				2028CF0019B9806C00B87A21 /* ImageCache.m */,
			);
			name = Model;
			sourceTree = "<group>";
		};
		00A59C4919B8C20400106C08 /* Category */ = {
			isa = PBXGroup;
			children = (
				2026A03019B74AEA0026FF80 /* MovieEvent+Parse.h */,
				2026A03119B74AEA0026FF80 /* MovieEvent+Parse.m */,
				204B959F19B838B200EF726D /* EventDate+Parse.h */,
				204B95A019B838B200EF726D /* EventDate+Parse.m */,
				204B95A219B838CA00EF726D /* EventVenue+Parse.h */,
				204B95A319B838CA00EF726D /* EventVenue+Parse.m */,
			);
			name = Category;
			sourceTree = "<group>";
		};
		00A59C4A19B8C23800106C08 /* AppDelegate */ = {
			isa = PBXGroup;
			children = (
				20269FF619B6DA6C0026FF80 /* MovieDemoAppDelegate.h */,
				20269FF719B6DA6C0026FF80 /* MovieDemoAppDelegate.m */,
			);
			name = AppDelegate;
			sourceTree = "<group>";
		};
		00A59C4B19B8C26000106C08 /* ViewController */ = {
			isa = PBXGroup;
			children = (
				2026A02219B71A630026FF80 /* MovieDetailsViewController.h */,
				2026A02319B71A630026FF80 /* MovieDetailsViewController.m */,
				20269FFC19B6DA6C0026FF80 /* MovieDemoViewController.h */,
				20269FFD19B6DA6C0026FF80 /* MovieDemoViewController.m */,
			);
			name = ViewController;
			sourceTree = "<group>";
		};
		00A59C6419B8D53700106C08 /* ArtWork */ = {
			isa = PBXGroup;
			children = (
				00A59C6519B8D56000106C08 /* star_gold.png */,
				00A59C6619B8D56000106C08 /* star_small.png */,
			);
			name = ArtWork;
			sourceTree = "<group>";
		};
		20269FDB19B6DA6C0026FF80 = {
			isa = PBXGroup;
			children = (
				20269FED19B6DA6C0026FF80 /* MovieDemo */,
				2026A00C19B6DA6C0026FF80 /* MovieDemoTests */,
				20269FE619B6DA6C0026FF80 /* Frameworks */,
				20269FE519B6DA6C0026FF80 /* Products */,
			);
			sourceTree = "<group>";
		};
		20269FE519B6DA6C0026FF80 /* Products */ = {
			isa = PBXGroup;
			children = (
				20269FE419B6DA6C0026FF80 /* MovieDemo.app */,
				2026A00519B6DA6C0026FF80 /* MovieDemoTests.xctest */,
			);
			name = Products;
			sourceTree = "<group>";
		};
		20269FE619B6DA6C0026FF80 /* Frameworks */ = {
			isa = PBXGroup;
			children = (
				20269FE719B6DA6C0026FF80 /* Foundation.framework */,
				20269FE919B6DA6C0026FF80 /* CoreGraphics.framework */,
				20269FEB19B6DA6C0026FF80 /* UIKit.framework */,
				2026A00619B6DA6C0026FF80 /* XCTest.framework */,
			);
			name = Frameworks;
			sourceTree = "<group>";
		};
		20269FED19B6DA6C0026FF80 /* MovieDemo */ = {
			isa = PBXGroup;
			children = (
				00A59C6419B8D53700106C08 /* ArtWork */,
				00A59C4A19B8C23800106C08 /* AppDelegate */,
				00A59C4B19B8C26000106C08 /* ViewController */,
				00A59C4919B8C20400106C08 /* Category */,
				00A59C4819B8C1AF00106C08 /* Model */,
				2026A02419B71A630026FF80 /* MovieDetailsViewController.xib */,
				2026A01C19B6DAA30026FF80 /* MovieDemoViewController.xib */,
				20269FFF19B6DA6C0026FF80 /* Images.xcassets */,
				20269FEE19B6DA6C0026FF80 /* Supporting Files */,
			);
			path = MovieDemo;
			sourceTree = "<group>";
		};
		20269FEE19B6DA6C0026FF80 /* Supporting Files */ = {
			isa = PBXGroup;
			children = (
				20269FEF19B6DA6C0026FF80 /* MovieDemo-Info.plist */,
				20269FF019B6DA6C0026FF80 /* InfoPlist.strings */,
				20269FF319B6DA6C0026FF80 /* main.m */,
				20269FF519B6DA6C0026FF80 /* MovieDemo-Prefix.pch */,
			);
			name = "Supporting Files";
			sourceTree = "<group>";
		};
		2026A00C19B6DA6C0026FF80 /* MovieDemoTests */ = {
			isa = PBXGroup;
			children = (
				2026A01219B6DA6C0026FF80 /* MovieDemoTests.m */,
				2026A00D19B6DA6C0026FF80 /* Supporting Files */,
			);
			path = MovieDemoTests;
			sourceTree = "<group>";
		};
		2026A00D19B6DA6C0026FF80 /* Supporting Files */ = {
			isa = PBXGroup;
			children = (
				2026A00E19B6DA6C0026FF80 /* MovieDemoTests-Info.plist */,
				2026A00F19B6DA6C0026FF80 /* InfoPlist.strings */,
			);
			name = "Supporting Files";
			sourceTree = "<group>";
		};
/* End PBXGroup section */

/* Begin PBXNativeTarget section */
		20269FE319B6DA6C0026FF80 /* MovieDemo */ = {
			isa = PBXNativeTarget;
			buildConfigurationList = 2026A01619B6DA6C0026FF80 /* Build configuration list for PBXNativeTarget "MovieDemo" */;
			buildPhases = (
				20269FE019B6DA6C0026FF80 /* Sources */,
				20269FE119B6DA6C0026FF80 /* Frameworks */,
				20269FE219B6DA6C0026FF80 /* Resources */,
			);
			buildRules = (
			);
			dependencies = (
			);
			name = MovieDemo;
			productName = MovieDemo;
			productReference = 20269FE419B6DA6C0026FF80 /* MovieDemo.app */;
			productType = "com.apple.product-type.application";
		};
		2026A00419B6DA6C0026FF80 /* MovieDemoTests */ = {
			isa = PBXNativeTarget;
			buildConfigurationList = 2026A01919B6DA6C0026FF80 /* Build configuration list for PBXNativeTarget "MovieDemoTests" */;
			buildPhases = (
				2026A00119B6DA6C0026FF80 /* Sources */,
				2026A00219B6DA6C0026FF80 /* Frameworks */,
				2026A00319B6DA6C0026FF80 /* Resources */,
			);
			buildRules = (
			);
			dependencies = (
				2026A00B19B6DA6C0026FF80 /* PBXTargetDependency */,
			);
			name = MovieDemoTests;
			productName = MovieDemoTests;
			productReference = 2026A00519B6DA6C0026FF80 /* MovieDemoTests.xctest */;
			productType = "com.apple.product-type.bundle.unit-test";
		};
/* End PBXNativeTarget section */

/* Begin PBXProject section */
		20269FDC19B6DA6C0026FF80 /* Project object */ = {
			isa = PBXProject;
			attributes = {
				CLASSPREFIX = MovieDemo;
				LastUpgradeCheck = 0510;
				ORGANIZATIONNAME = survey;
				TargetAttributes = {
					2026A00419B6DA6C0026FF80 = {
						TestTargetID = 20269FE319B6DA6C0026FF80;
					};
				};
			};
			buildConfigurationList = 20269FDF19B6DA6C0026FF80 /* Build configuration list for PBXProject "MovieDemo" */;
			compatibilityVersion = "Xcode 3.2";
			developmentRegion = English;
			hasScannedForEncodings = 0;
			knownRegions = (
				en,
				Base,
			);
			mainGroup = 20269FDB19B6DA6C0026FF80;
			productRefGroup = 20269FE519B6DA6C0026FF80 /* Products */;
			projectDirPath = "";
			projectRoot = "";
			targets = (
				20269FE319B6DA6C0026FF80 /* MovieDemo */,
				2026A00419B6DA6C0026FF80 /* MovieDemoTests */,
			);
		};
/* End PBXProject section */

/* Begin PBXResourcesBuildPhase section */
		20269FE219B6DA6C0026FF80 /* Resources */ = {
			isa = PBXResourcesBuildPhase;
			buildActionMask = 2147483647;
			files = (
				2026A02619B71A630026FF80 /* MovieDetailsViewController.xib in Resources */,
				00A59C6719B8D56000106C08 /* star_gold.png in Resources */,
				2026A00019B6DA6C0026FF80 /* Images.xcassets in Resources */,
				00A59C6819B8D56000106C08 /* star_small.png in Resources */,
				20269FF219B6DA6C0026FF80 /* InfoPlist.strings in Resources */,
				2026A01D19B6DAA30026FF80 /* MovieDemoViewController.xib in Resources */,
			);
			runOnlyForDeploymentPostprocessing = 0;
		};
		2026A00319B6DA6C0026FF80 /* Resources */ = {
			isa = PBXResourcesBuildPhase;
			buildActionMask = 2147483647;
			files = (
				2026A01119B6DA6C0026FF80 /* InfoPlist.strings in Resources */,
			);
			runOnlyForDeploymentPostprocessing = 0;
		};
/* End PBXResourcesBuildPhase section */

/* Begin PBXSourcesBuildPhase section */
		20269FE019B6DA6C0026FF80 /* Sources */ = {
			isa = PBXSourcesBuildPhase;
			buildActionMask = 2147483647;
			files = (
				2026A02519B71A630026FF80 /* MovieDetailsViewController.m in Sources */,
				204B95A119B838B200EF726D /* EventDate+Parse.m in Sources */,
				204B95A419B838CA00EF726D /* EventVenue+Parse.m in Sources */,
				20269FF819B6DA6C0026FF80 /* MovieDemoAppDelegate.m in Sources */,
				2026A02119B702740026FF80 /* MovieEvent.m in Sources */,
				2028CF0119B9806C00B87A21 /* ImageCache.m in Sources */,
				20269FFE19B6DA6C0026FF80 /* MovieDemoViewController.m in Sources */,
				2026A02C19B73EDE0026FF80 /* EventVenue.m in Sources */,
				2026A03219B74AEA0026FF80 /* MovieEvent+Parse.m in Sources */,
				2026A02919B73EBD0026FF80 /* EventDate.m in Sources */,
				20269FF419B6DA6C0026FF80 /* main.m in Sources */,
			);
			runOnlyForDeploymentPostprocessing = 0;
		};
		2026A00119B6DA6C0026FF80 /* Sources */ = {
			isa = PBXSourcesBuildPhase;
			buildActionMask = 2147483647;
			files = (
				2026A01319B6DA6C0026FF80 /* MovieDemoTests.m in Sources */,
			);
			runOnlyForDeploymentPostprocessing = 0;
		};
/* End PBXSourcesBuildPhase section */

/* Begin PBXTargetDependency section */
		2026A00B19B6DA6C0026FF80 /* PBXTargetDependency */ = {
			isa = PBXTargetDependency;
			target = 20269FE319B6DA6C0026FF80 /* MovieDemo */;
			targetProxy = 2026A00A19B6DA6C0026FF80 /* PBXContainerItemProxy */;
		};
/* End PBXTargetDependency section */

/* Begin PBXVariantGroup section */
		20269FF019B6DA6C0026FF80 /* InfoPlist.strings */ = {
			isa = PBXVariantGroup;
			children = (
				20269FF119B6DA6C0026FF80 /* en */,
			);
			name = InfoPlist.strings;
			sourceTree = "<group>";
		};
		2026A00F19B6DA6C0026FF80 /* InfoPlist.strings */ = {
			isa = PBXVariantGroup;
			children = (
				2026A01019B6DA6C0026FF80 /* en */,
			);
			name = InfoPlist.strings;
			sourceTree = "<group>";
		};
/* End PBXVariantGroup section */

/* Begin XCBuildConfiguration section */
		2026A01419B6DA6C0026FF80 /* Debug */ = {
			isa = XCBuildConfiguration;
			buildSettings = {
				ALWAYS_SEARCH_USER_PATHS = NO;
				CLANG_CXX_LANGUAGE_STANDARD = "gnu++0x";
				CLANG_CXX_LIBRARY = "libc++";
				CLANG_ENABLE_MODULES = YES;
				CLANG_ENABLE_OBJC_ARC = YES;
				CLANG_WARN_BOOL_CONVERSION = YES;
				CLANG_WARN_CONSTANT_CONVERSION = YES;
				CLANG_WARN_DIRECT_OBJC_ISA_USAGE = YES_ERROR;
				CLANG_WARN_EMPTY_BODY = YES;
				CLANG_WARN_ENUM_CONVERSION = YES;
				CLANG_WARN_INT_CONVERSION = YES;
				CLANG_WARN_OBJC_ROOT_CLASS = YES_ERROR;
				CLANG_WARN__DUPLICATE_METHOD_MATCH = YES;
				"CODE_SIGN_IDENTITY[sdk=iphoneos*]" = "iPhone Developer";
				COPY_PHASE_STRIP = NO;
				GCC_C_LANGUAGE_STANDARD = gnu99;
				GCC_DYNAMIC_NO_PIC = NO;
				GCC_OPTIMIZATION_LEVEL = 0;
				GCC_PREPROCESSOR_DEFINITIONS = (
					"DEBUG=1",
					"$(inherited)",
				);
				GCC_SYMBOLS_PRIVATE_EXTERN = NO;
				GCC_WARN_64_TO_32_BIT_CONVERSION = YES;
				GCC_WARN_ABOUT_RETURN_TYPE = YES_ERROR;
				GCC_WARN_UNDECLARED_SELECTOR = YES;
				GCC_WARN_UNINITIALIZED_AUTOS = YES_AGGRESSIVE;
				GCC_WARN_UNUSED_FUNCTION = YES;
				GCC_WARN_UNUSED_VARIABLE = YES;
				IPHONEOS_DEPLOYMENT_TARGET = 7.1;
				ONLY_ACTIVE_ARCH = YES;
				SDKROOT = iphoneos;
			};
			name = Debug;
		};
		2026A01519B6DA6C0026FF80 /* Release */ = {
			isa = XCBuildConfiguration;
			buildSettings = {
				ALWAYS_SEARCH_USER_PATHS = NO;
				CLANG_CXX_LANGUAGE_STANDARD = "gnu++0x";
				CLANG_CXX_LIBRARY = "libc++";
				CLANG_ENABLE_MODULES = YES;
				CLANG_ENABLE_OBJC_ARC = YES;
				CLANG_WARN_BOOL_CONVERSION = YES;
				CLANG_WARN_CONSTANT_CONVERSION = YES;
				CLANG_WARN_DIRECT_OBJC_ISA_USAGE = YES_ERROR;
				CLANG_WARN_EMPTY_BODY = YES;
				CLANG_WARN_ENUM_CONVERSION = YES;
				CLANG_WARN_INT_CONVERSION = YES;
				CLANG_WARN_OBJC_ROOT_CLASS = YES_ERROR;
				CLANG_WARN__DUPLICATE_METHOD_MATCH = YES;
				"CODE_SIGN_IDENTITY[sdk=iphoneos*]" = "iPhone Developer";
				COPY_PHASE_STRIP = YES;
				ENABLE_NS_ASSERTIONS = NO;
				GCC_C_LANGUAGE_STANDARD = gnu99;
				GCC_WARN_64_TO_32_BIT_CONVERSION = YES;
				GCC_WARN_ABOUT_RETURN_TYPE = YES_ERROR;
				GCC_WARN_UNDECLARED_SELECTOR = YES;
				GCC_WARN_UNINITIALIZED_AUTOS = YES_AGGRESSIVE;
				GCC_WARN_UNUSED_FUNCTION = YES;
				GCC_WARN_UNUSED_VARIABLE = YES;
				IPHONEOS_DEPLOYMENT_TARGET = 7.1;
				SDKROOT = iphoneos;
				VALIDATE_PRODUCT = YES;
			};
			name = Release;
		};
		2026A01719B6DA6C0026FF80 /* Debug */ = {
			isa = XCBuildConfiguration;
			buildSettings = {
				ASSETCATALOG_COMPILER_APPICON_NAME = AppIcon;
				ASSETCATALOG_COMPILER_LAUNCHIMAGE_NAME = LaunchImage;
				GCC_PRECOMPILE_PREFIX_HEADER = YES;
				GCC_PREFIX_HEADER = "MovieDemo/MovieDemo-Prefix.pch";
				INFOPLIST_FILE = "MovieDemo/MovieDemo-Info.plist";
				IPHONEOS_DEPLOYMENT_TARGET = 7.1;
				PRODUCT_NAME = "$(TARGET_NAME)";
				WRAPPER_EXTENSION = app;
			};
			name = Debug;
		};
		2026A01819B6DA6C0026FF80 /* Release */ = {
			isa = XCBuildConfiguration;
			buildSettings = {
				ASSETCATALOG_COMPILER_APPICON_NAME = AppIcon;
				ASSETCATALOG_COMPILER_LAUNCHIMAGE_NAME = LaunchImage;
				GCC_PRECOMPILE_PREFIX_HEADER = YES;
				GCC_PREFIX_HEADER = "MovieDemo/MovieDemo-Prefix.pch";
				INFOPLIST_FILE = "MovieDemo/MovieDemo-Info.plist";
				IPHONEOS_DEPLOYMENT_TARGET = 7.1;
				PRODUCT_NAME = "$(TARGET_NAME)";
				WRAPPER_EXTENSION = app;
			};
			name = Release;
		};
		2026A01A19B6DA6C0026FF80 /* Debug */ = {
			isa = XCBuildConfiguration;
			buildSettings = {
				BUNDLE_LOADER = "$(BUILT_PRODUCTS_DIR)/MovieDemo.app/MovieDemo";
				FRAMEWORK_SEARCH_PATHS = (
					"$(SDKROOT)/Developer/Library/Frameworks",
					"$(inherited)",
					"$(DEVELOPER_FRAMEWORKS_DIR)",
				);
				GCC_PRECOMPILE_PREFIX_HEADER = YES;
				GCC_PREFIX_HEADER = "MovieDemo/MovieDemo-Prefix.pch";
				GCC_PREPROCESSOR_DEFINITIONS = (
					"DEBUG=1",
					"$(inherited)",
				);
				INFOPLIST_FILE = "MovieDemoTests/MovieDemoTests-Info.plist";
				PRODUCT_NAME = "$(TARGET_NAME)";
				TEST_HOST = "$(BUNDLE_LOADER)";
				WRAPPER_EXTENSION = xctest;
			};
			name = Debug;
		};
		2026A01B19B6DA6C0026FF80 /* Release */ = {
			isa = XCBuildConfiguration;
			buildSettings = {
				BUNDLE_LOADER = "$(BUILT_PRODUCTS_DIR)/MovieDemo.app/MovieDemo";
				FRAMEWORK_SEARCH_PATHS = (
					"$(SDKROOT)/Developer/Library/Frameworks",
					"$(inherited)",
					"$(DEVELOPER_FRAMEWORKS_DIR)",
				);
				GCC_PRECOMPILE_PREFIX_HEADER = YES;
				GCC_PREFIX_HEADER = "MovieDemo/MovieDemo-Prefix.pch";
				INFOPLIST_FILE = "MovieDemoTests/MovieDemoTests-Info.plist";
				PRODUCT_NAME = "$(TARGET_NAME)";
				TEST_HOST = "$(BUNDLE_LOADER)";
				WRAPPER_EXTENSION = xctest;
			};
			name = Release;
		};
/* End XCBuildConfiguration section */

/* Begin XCConfigurationList section */
		20269FDF19B6DA6C0026FF80 /* Build configuration list for PBXProject "MovieDemo" */ = {
			isa = XCConfigurationList;
			buildConfigurations = (
				2026A01419B6DA6C0026FF80 /* Debug */,
				2026A01519B6DA6C0026FF80 /* Release */,
			);
			defaultConfigurationIsVisible = 0;
			defaultConfigurationName = Release;
		};
		2026A01619B6DA6C0026FF80 /* Build configuration list for PBXNativeTarget "MovieDemo" */ = {
			isa = XCConfigurationList;
			buildConfigurations = (
				2026A01719B6DA6C0026FF80 /* Debug */,
				2026A01819B6DA6C0026FF80 /* Release */,
			);
			defaultConfigurationIsVisible = 0;
			defaultConfigurationName = Release;
		};
		2026A01919B6DA6C0026FF80 /* Build configuration list for PBXNativeTarget "MovieDemoTests" */ = {
			isa = XCConfigurationList;
			buildConfigurations = (
				2026A01A19B6DA6C0026FF80 /* Debug */,
				2026A01B19B6DA6C0026FF80 /* Release */,
			);
			defaultConfigurationIsVisible = 0;
			defaultConfigurationName = Release;
		};
/* End XCConfigurationList section */
	};
	rootObject = 20269FDC19B6DA6C0026FF80 /* Project object */;
}
